
Microsoft Visual Studio Solution File, Format Version 11.00
# Visual Studio 2010
Project("{FAE04EC0-301F-11D3-BF4B-00C04F79EFBC}") = "Assembly-CSharp-firstpass", "Assembly-CSharp-firstpass.csproj", "{15f1546b-acac-a3d5-95dd-611fb2c70c66}"
EndProject
Project("{FAE04EC0-301F-11D3-BF4B-00C04F79EFBC}") = "Assembly-CSharp", "Assembly-CSharp.csproj", "{974e2305-5122-dd4b-b2fc-f5f13b5ba6c4}"
EndProject
Project("{FAE04EC0-301F-11D3-BF4B-00C04F79EFBC}") = "Assembly-CSharp-Editor-firstpass", "Assembly-CSharp-Editor-firstpass.csproj", "{2b77c0a9-ba31-fc81-644e-5c18a2251c1a}"
EndProject
Global
	GlobalSection(SolutionConfigurationPlatforms) = preSolution
		Debug|Any CPU = Debug|Any CPU
	EndGlobalSection
	GlobalSection(ProjectConfigurationPlatforms) = postSolution
		{15f1546b-acac-a3d5-95dd-611fb2c70c66}.Debug|Any CPU.ActiveCfg = Debug|Any CPU
		{15f1546b-acac-a3d5-95dd-611fb2c70c66}.Debug|Any CPU.Build.0 = Debug|Any CPU
		{974e2305-5122-dd4b-b2fc-f5f13b5ba6c4}.Debug|Any CPU.ActiveCfg = Debug|Any CPU
		{974e2305-5122-dd4b-b2fc-f5f13b5ba6c4}.Debug|Any CPU.Build.0 = Debug|Any CPU
		{2b77c0a9-ba31-fc81-644e-5c18a2251c1a}.Debug|Any CPU.ActiveCfg = Debug|Any CPU
		{2b77c0a9-ba31-fc81-644e-5c18a2251c1a}.Debug|Any CPU.Build.0 = Debug|Any CPU
	EndGlobalSection
	GlobalSection(SolutionProperties) = preSolution
		HideSolutionNode = FALSE
	EndGlobalSection
EndGlobal
